Microsoft Visual Studio Solution File, Format Version 12.00
# Visual Studio Version 17
VisualStudioVersion = 17.3.32819.101
MinimumVisualStudioVersion = 10.0.40219.1
Project("{9A19103F-16F7-4668-BE54-9A1E7A4F7556}") = "Helper", "Helper.csproj", "{26731960-011B-4B57-894F-4A6F93B56BC5}"
EndProject
Global
	GlobalSection(SolutionConfigurationPlatforms) = preSolution
		Debug|x64 = Debug|x64
		Release|x64 = Release|x64
	EndGlobalSection
	GlobalSection(ProjectConfigurationPlatforms) = postSolution
		{26731960-011B-4B57-894F-4A6F93B56BC5}.Debug|x64.ActiveCfg = Debug|x64
		{26731960-011B-4B57-894F-4A6F93B56BC5}.Debug|x64.Build.0 = Debug|x64
		{26731960-011B-4B57-894F-4A6F93B56BC5}.Debug|x64.Deploy.0 = Debug|x64
		{26731960-011B-4B57-894F-4A6F93B56BC5}.Release|x64.ActiveCfg = Release|x64
		{26731960-011B-4B57-894F-4A6F93B56BC5}.Release|x64.Build.0 = Release|x64
		{26731960-011B-4B57-894F-4A6F93B56BC5}.Release|x64.Deploy.0 = Release|x64
	EndGlobalSection
	GlobalSection(SolutionProperties) = preSolution
		HideSolutionNode = FALSE
	EndGlobalSection
	GlobalSection(ExtensibilityGlobals) = postSolution
		SolutionGuid = {50E29F51-4BD2-40FB-AE25-19A0A7829041}
	EndGlobalSection
EndGlobal
