<Solution>
  <Configurations>
    <Platform Name="x64" />
  </Configurations>
  <Project Path="Application/Application.csproj">
    <Platform Solution="*|x64" Project="x64" />
    <Deploy />
  </Project>
  <Project Path="Forwarder/Forwarder.vcxproj" Id="740a0486-ec1e-43ac-bf79-b696c4cafbf5">
    <Platform Solution="*|x64" Project="x64" />
  </Project>
</Solution>
