
Microsoft Visual Studio Solution File, Format Version 12.00
# Visual Studio Version 17
VisualStudioVersion = 17.7.34003.232
MinimumVisualStudioVersion = 10.0.40219.1
Project("{8BC9CEB8-8B4A-11D0-8D11-00A0C91BC942}") = "main", "main\main.vcxproj", "{122DDB38-B1E9-4975-90B2-D103F236F2CA}"
EndProject
Project("{8BC9CEB8-8B4A-11D0-8D11-00A0C91BC942}") = "extension", "extension\extension.vcxproj", "{740A0486-EC1E-43AC-BF79-B696C4CAFBF5}"
EndProject
Project("{C7167F0D-BC9F-4E6E-AFE1-012C56B48DB5}") = "package", "package\package.wapproj", "{AF6E6195-DC58-47FE-99B7-E516FB959785}"
EndProject
Global
	GlobalSection(SolutionConfigurationPlatforms) = preSolution
		Debug|x64 = Debug|x64
		Release|x64 = Release|x64
	EndGlobalSection
	GlobalSection(ProjectConfigurationPlatforms) = postSolution
		{122DDB38-B1E9-4975-90B2-D103F236F2CA}.Debug|x64.ActiveCfg = Debug|x64
		{122DDB38-B1E9-4975-90B2-D103F236F2CA}.Debug|x64.Build.0 = Debug|x64
		{122DDB38-B1E9-4975-90B2-D103F236F2CA}.Release|x64.ActiveCfg = Release|x64
		{122DDB38-B1E9-4975-90B2-D103F236F2CA}.Release|x64.Build.0 = Release|x64
		{740A0486-EC1E-43AC-BF79-B696C4CAFBF5}.Debug|x64.ActiveCfg = Debug|x64
		{740A0486-EC1E-43AC-BF79-B696C4CAFBF5}.Debug|x64.Build.0 = Debug|x64
		{740A0486-EC1E-43AC-BF79-B696C4CAFBF5}.Release|x64.ActiveCfg = Release|x64
		{740A0486-EC1E-43AC-BF79-B696C4CAFBF5}.Release|x64.Build.0 = Release|x64
		{AF6E6195-DC58-47FE-99B7-E516FB959785}.Debug|x64.ActiveCfg = Debug|x64
		{AF6E6195-DC58-47FE-99B7-E516FB959785}.Debug|x64.Build.0 = Debug|x64
		{AF6E6195-DC58-47FE-99B7-E516FB959785}.Debug|x64.Deploy.0 = Debug|x64
		{AF6E6195-DC58-47FE-99B7-E516FB959785}.Release|x64.ActiveCfg = Release|x64
		{AF6E6195-DC58-47FE-99B7-E516FB959785}.Release|x64.Build.0 = Release|x64
		{AF6E6195-DC58-47FE-99B7-E516FB959785}.Release|x64.Deploy.0 = Release|x64
	EndGlobalSection
	GlobalSection(SolutionProperties) = preSolution
		HideSolutionNode = FALSE
	EndGlobalSection
	GlobalSection(ExtensibilityGlobals) = postSolution
		SolutionGuid = {F2A13CB2-C71E-4B01-A255-2600D8CF1503}
	EndGlobalSection
EndGlobal
